
Microsoft Visual Studio Solution File, Format Version 12.00
# Visual Studio Version 16
VisualStudioVersion = 16.0.30002.166
MinimumVisualStudioVersion = 10.0.40219.1
Project("{8BC9CEB8-8B4A-11D0-8D11-00A0C91BC942}") = "SFCSort", "SFCSort.vcxproj", "{CF1B4250-24B2-4403-9CF9-2671E7DD67F5}"
EndProject
Global
	GlobalSection(SolutionConfigurationPlatforms) = preSolution
		Debug|x64 = Debug|x64
		Debug|x86 = Debug|x86
		Release|x64 = Release|x64
		Release|x86 = Release|x86
	EndGlobalSection
	GlobalSection(ProjectConfigurationPlatforms) = postSolution
		{CF1B4250-24B2-4403-9CF9-2671E7DD67F5}.Debug|x64.ActiveCfg = Debug|x64
		{CF1B4250-24B2-4403-9CF9-2671E7DD67F5}.Debug|x64.Build.0 = Debug|x64
		{CF1B4250-24B2-4403-9CF9-2671E7DD67F5}.Debug|x86.ActiveCfg = Debug|Win32
		{CF1B4250-24B2-4403-9CF9-2671E7DD67F5}.Debug|x86.Build.0 = Debug|Win32
		{CF1B4250-24B2-4403-9CF9-2671E7DD67F5}.Release|x64.ActiveCfg = Release|x64
		{CF1B4250-24B2-4403-9CF9-2671E7DD67F5}.Release|x64.Build.0 = Release|x64
		{CF1B4250-24B2-4403-9CF9-2671E7DD67F5}.Release|x86.ActiveCfg = Release|Win32
		{CF1B4250-24B2-4403-9CF9-2671E7DD67F5}.Release|x86.Build.0 = Release|Win32
	EndGlobalSection
	GlobalSection(SolutionProperties) = preSolution
		HideSolutionNode = FALSE
	EndGlobalSection
	GlobalSection(ExtensibilityGlobals) = postSolution
		SolutionGuid = {14991579-0BC3-41F3-9246-9850328204BB}
	EndGlobalSection
EndGlobal
